
Microsoft Visual Studio Solution File, Format Version 12.00
# Visual Studio 15
VisualStudioVersion = 15.0.28307.421
MinimumVisualStudioVersion = 10.0.40219.1
Project("{FAE04EC0-301F-11D3-BF4B-00C04F79EFBC}") = "HelloWorld", "HelloWorld\HelloWorld.csproj", "{E6AD4761-FCF3-4A1B-8F99-C23A4689571B}"
EndProject
Project("{2150E333-8FDC-42A3-9474-1A3956D46DE8}") = "Solution Items", "Solution Items", "{9C8C725D-1234-4FE0-B923-7874C78C1FB0}"
	ProjectSection(SolutionItems) = preProject
		README.md = README.md
	EndProjectSection
EndProject
Global
	GlobalSection(SolutionConfigurationPlatforms) = preSolution
		Debug|Any CPU = Debug|Any CPU
		Release|Any CPU = Release|Any CPU
	EndGlobalSection
	GlobalSection(ProjectConfigurationPlatforms) = postSolution
		{E6AD4761-FCF3-4A1B-8F99-C23A4689571B}.Debug|Any CPU.ActiveCfg = Debug|Any CPU
		{E6AD4761-FCF3-4A1B-8F99-C23A4689571B}.Debug|Any CPU.Build.0 = Debug|Any CPU
		{E6AD4761-FCF3-4A1B-8F99-C23A4689571B}.Release|Any CPU.ActiveCfg = Release|Any CPU
		{E6AD4761-FCF3-4A1B-8F99-C23A4689571B}.Release|Any CPU.Build.0 = Release|Any CPU
	EndGlobalSection
	GlobalSection(SolutionProperties) = preSolution
		HideSolutionNode = FALSE
	EndGlobalSection
	GlobalSection(ExtensibilityGlobals) = postSolution
		SolutionGuid = {13E535F9-ECD4-48B7-815C-DAE333D3C320}
	EndGlobalSection
EndGlobal
